
Microsoft Visual Studio Solution File, Format Version 12.00
# Visual Studio Version 17
VisualStudioVersion = 17.5.002.0
MinimumVisualStudioVersion = 10.0.40219.1
Project("{9A19103F-16F7-4668-BE54-9A1E7A4F7556}") = "Belaz.WeldingApp.Common", "Belaz.WeldingApp.Common.csproj", "{000598E1-5681-4C02-98C5-42B0282E65BE}"
EndProject
Global
	GlobalSection(SolutionConfigurationPlatforms) = preSolution
		Debug|Any CPU = Debug|Any CPU
		Release|Any CPU = Release|Any CPU
	EndGlobalSection
	GlobalSection(ProjectConfigurationPlatforms) = postSolution
		{000598E1-5681-4C02-98C5-42B0282E65BE}.Debug|Any CPU.ActiveCfg = Debug|Any CPU
		{000598E1-5681-4C02-98C5-42B0282E65BE}.Debug|Any CPU.Build.0 = Debug|Any CPU
		{000598E1-5681-4C02-98C5-42B0282E65BE}.Release|Any CPU.ActiveCfg = Release|Any CPU
		{000598E1-5681-4C02-98C5-42B0282E65BE}.Release|Any CPU.Build.0 = Release|Any CPU
	EndGlobalSection
	GlobalSection(SolutionProperties) = preSolution
		HideSolutionNode = FALSE
	EndGlobalSection
	GlobalSection(ExtensibilityGlobals) = postSolution
		SolutionGuid = {43AEA4E8-29E6-422C-A72A-03426839D3BD}
	EndGlobalSection
EndGlobal
