
Microsoft Visual Studio Solution File, Format Version 12.00
# Visual Studio Version 17
VisualStudioVersion = 17.3.32804.467
MinimumVisualStudioVersion = 10.0.40219.1
Project("{2150E333-8FDC-42A3-9474-1A3956D46DE8}") = "Solution items", "Solution items", "{8ADE1734-B58F-4A4C-A9BE-2F759B6720AF}"
	ProjectSection(SolutionItems) = preProject
		..\.editorconfig = ..\.editorconfig
		..\.gitignore = ..\.gitignore
		..\README.md = ..\README.md
		Dockerfile = Dockerfile
	EndProjectSection
EndProject
Project("{9A19103F-16F7-4668-BE54-9A1E7A4F7556}") = "Belaz.WeldingApp.IdentityApi.Data", "Belaz.WeldingApp.IdentityApi.Data\Belaz.WeldingApp.IdentityApi.Data.csproj", "{4FF82205-A7B7-40C2-A8DD-81C7A68E2C2E}"
EndProject
Project("{9A19103F-16F7-4668-BE54-9A1E7A4F7556}") = "Belaz.WeldingApp.IdentityApi.WebApi", "Belaz.WeldingApp.IdentityApi.WebApi\Belaz.WeldingApp.IdentityApi.WebApi.csproj", "{BCA3A828-1ED3-4C7A-B6FD-3AC6E44D62E2}"
EndProject
Project("{FAE04EC0-301F-11D3-BF4B-00C04F79EFBC}") = "Belaz.WeldingApp.IdentityApi.Tests", "Belaz.WeldingApp.IdentityApi.Tests\Belaz.WeldingApp.IdentityApi.Tests.csproj", "{EB489A9C-58D2-4472-A0E4-8713C3E3FB94}"
EndProject
Global
	GlobalSection(SolutionConfigurationPlatforms) = preSolution
		Debug|Any CPU = Debug|Any CPU
		Release|Any CPU = Release|Any CPU
	EndGlobalSection
	GlobalSection(ProjectConfigurationPlatforms) = postSolution
		{4FF82205-A7B7-40C2-A8DD-81C7A68E2C2E}.Debug|Any CPU.ActiveCfg = Debug|Any CPU
		{4FF82205-A7B7-40C2-A8DD-81C7A68E2C2E}.Debug|Any CPU.Build.0 = Debug|Any CPU
		{4FF82205-A7B7-40C2-A8DD-81C7A68E2C2E}.Release|Any CPU.ActiveCfg = Release|Any CPU
		{4FF82205-A7B7-40C2-A8DD-81C7A68E2C2E}.Release|Any CPU.Build.0 = Release|Any CPU
		{BCA3A828-1ED3-4C7A-B6FD-3AC6E44D62E2}.Debug|Any CPU.ActiveCfg = Debug|Any CPU
		{BCA3A828-1ED3-4C7A-B6FD-3AC6E44D62E2}.Debug|Any CPU.Build.0 = Debug|Any CPU
		{BCA3A828-1ED3-4C7A-B6FD-3AC6E44D62E2}.Release|Any CPU.ActiveCfg = Release|Any CPU
		{BCA3A828-1ED3-4C7A-B6FD-3AC6E44D62E2}.Release|Any CPU.Build.0 = Release|Any CPU
		{EB489A9C-58D2-4472-A0E4-8713C3E3FB94}.Debug|Any CPU.ActiveCfg = Debug|Any CPU
		{EB489A9C-58D2-4472-A0E4-8713C3E3FB94}.Debug|Any CPU.Build.0 = Debug|Any CPU
		{EB489A9C-58D2-4472-A0E4-8713C3E3FB94}.Release|Any CPU.ActiveCfg = Release|Any CPU
		{EB489A9C-58D2-4472-A0E4-8713C3E3FB94}.Release|Any CPU.Build.0 = Release|Any CPU
	EndGlobalSection
	GlobalSection(SolutionProperties) = preSolution
		HideSolutionNode = FALSE
	EndGlobalSection
	GlobalSection(ExtensibilityGlobals) = postSolution
		SolutionGuid = {41CD13F1-76E8-4904-860F-D2218E880C08}
	EndGlobalSection
EndGlobal
