
Microsoft Visual Studio Solution File, Format Version 12.00
# Visual Studio Version 17
VisualStudioVersion = 17.3.32804.467
MinimumVisualStudioVersion = 10.0.40219.1
Project("{2150E333-8FDC-42A3-9474-1A3956D46DE8}") = "Solution Items", "Solution Items", "{C978C118-CAD8-4BCF-99A4-99DA09449869}"
EndProject
Project("{9A19103F-16F7-4668-BE54-9A1E7A4F7556}") = "Belaz.WeldingApp.WeldingApi", "Belaz.WeldingApp.WeldingApi\Belaz.WeldingApp.WeldingApi.csproj", "{69A130CB-21FA-40A1-BBDA-283E28E5FA86}"
EndProject
Project("{9A19103F-16F7-4668-BE54-9A1E7A4F7556}") = "Belaz.WeldingApp.WeldingApi.Tests", "Belaz.WeldingApp.WeldingApi.Tests\Belaz.WeldingApp.WeldingApi.Tests.csproj", "{D26160D5-7860-4963-8217-6C77158FDE44}"
EndProject
Global
	GlobalSection(SolutionConfigurationPlatforms) = preSolution
		Debug|Any CPU = Debug|Any CPU
		Release|Any CPU = Release|Any CPU
	EndGlobalSection
	GlobalSection(ProjectConfigurationPlatforms) = postSolution
		{69A130CB-21FA-40A1-BBDA-283E28E5FA86}.Debug|Any CPU.ActiveCfg = Debug|Any CPU
		{69A130CB-21FA-40A1-BBDA-283E28E5FA86}.Debug|Any CPU.Build.0 = Debug|Any CPU
		{69A130CB-21FA-40A1-BBDA-283E28E5FA86}.Release|Any CPU.ActiveCfg = Release|Any CPU
		{69A130CB-21FA-40A1-BBDA-283E28E5FA86}.Release|Any CPU.Build.0 = Release|Any CPU
		{D26160D5-7860-4963-8217-6C77158FDE44}.Debug|Any CPU.ActiveCfg = Debug|Any CPU
		{D26160D5-7860-4963-8217-6C77158FDE44}.Debug|Any CPU.Build.0 = Debug|Any CPU
		{D26160D5-7860-4963-8217-6C77158FDE44}.Release|Any CPU.ActiveCfg = Release|Any CPU
		{D26160D5-7860-4963-8217-6C77158FDE44}.Release|Any CPU.Build.0 = Release|Any CPU
	EndGlobalSection
	GlobalSection(SolutionProperties) = preSolution
		HideSolutionNode = FALSE
	EndGlobalSection
	GlobalSection(ExtensibilityGlobals) = postSolution
		SolutionGuid = {1DE96F2A-3F99-4C4B-9928-12B6C127BEEC}
	EndGlobalSection
EndGlobal
