
Microsoft Visual Studio Solution File, Format Version 12.00
Project("{FAE04EC0-301F-11D3-BF4B-00C04F79EFBC}") = "docker-compose", "docker-compose\docker-compose.dcproj", "{AE32E3CB-1E5F-417E-BA1B-03558E881B93}"
EndProject
Project("{2150E333-8FDC-42A3-9474-1A3956D46DE8}") = "WeldingApp.FileApi", "WeldingApp.FileApi", "{9366AF82-BA2C-4E32-8453-3C8ABBFBB48A}"
EndProject
Project("{2150E333-8FDC-42A3-9474-1A3956D46DE8}") = "WeldingApp.IdentityApi", "WeldingApp.IdentityApi", "{EF350442-F100-4462-8820-3C3392914D1C}"
EndProject
Project("{2150E333-8FDC-42A3-9474-1A3956D46DE8}") = "WeldingApp.IntegrationApi", "WeldingApp.IntegrationApi", "{B2EC875A-DA4B-463A-975C-EFA06B706805}"
EndProject
Project("{2150E333-8FDC-42A3-9474-1A3956D46DE8}") = "WeldingApp.WeldingApi", "WeldingApp.WeldingApi", "{A2B1C1E6-6669-46DE-939C-82B6E6EECC8F}"
EndProject
Project("{FAE04EC0-301F-11D3-BF4B-00C04F79EFBC}") = "Belaz.WeldingApp.FileApi", "Belaz.WeldingApp.FileApi\Belaz.WeldingApp.FileApi.csproj", "{7E98BE2A-D405-434C-B340-C70B7A23B477}"
EndProject
Project("{FAE04EC0-301F-11D3-BF4B-00C04F79EFBC}") = "Belaz.WeldingApp.FileApi.Tests", "Belaz.WeldingApp.FileApi.Tests\Belaz.WeldingApp.FileApi.Tests.csproj", "{C0406F1C-C609-4FAD-92C5-50F850EBA00C}"
EndProject
Project("{FAE04EC0-301F-11D3-BF4B-00C04F79EFBC}") = "Belaz.WeldingApp.IdentityApi", "Belaz.WeldingApp.IdentityApi\Belaz.WeldingApp.IdentityApi.csproj", "{4086F963-0B1D-460D-8E6E-84382075443B}"
EndProject
Project("{FAE04EC0-301F-11D3-BF4B-00C04F79EFBC}") = "Belaz.WeldingApp.IdentityApi.Data", "Belaz.WeldingApp.IdentityApi.Data\Belaz.WeldingApp.IdentityApi.Data.csproj", "{2BAD3485-67AF-4FF7-954A-94192441C9F7}"
EndProject
Project("{FAE04EC0-301F-11D3-BF4B-00C04F79EFBC}") = "Belaz.WeldingApp.IdentityApi.Tests", "Belaz.WeldingApp.IdentityApi.Tests\Belaz.WeldingApp.IdentityApi.Tests.csproj", "{C2701A21-8E4A-4E6B-BF6C-FEEA3842B19D}"
EndProject
Project("{FAE04EC0-301F-11D3-BF4B-00C04F79EFBC}") = "Belaz.WeldingApp.IntegrationApi", "Belaz.WeldingApp.IntegrationApi\Belaz.WeldingApp.IntegrationApi.csproj", "{16638F49-0614-40A7-859A-F53DA2DC61D0}"
EndProject
Project("{FAE04EC0-301F-11D3-BF4B-00C04F79EFBC}") = "Belaz.WeldingApp.IntegrationApi.Tests", "Belaz.WeldingApp.IntegrationApi.Tests\Belaz.WeldingApp.IntegrationApi.Tests.csproj", "{E53FE782-2DD3-443C-9F5C-D2A2717920F3}"
EndProject
Project("{FAE04EC0-301F-11D3-BF4B-00C04F79EFBC}") = "Belaz.WeldingApp.WeldingApi", "Belaz.WeldingApp.WeldingApi\Belaz.WeldingApp.WeldingApi.csproj", "{5CC6A21E-8269-49F2-98ED-084AE79D0935}"
EndProject
Project("{FAE04EC0-301F-11D3-BF4B-00C04F79EFBC}") = "Belaz.WeldingApp.WeldingApi.Tests", "Belaz.WeldingApp.WeldingApi.Tests\Belaz.WeldingApp.WeldingApi.Tests.csproj", "{A7130CC1-0A47-4DB9-8808-1AC75A157906}"
EndProject
Project("{2150E333-8FDC-42A3-9474-1A3956D46DE8}") = "CommonProjects", "CommonProjects", "{381831C9-A5D2-4C2D-9EBE-DC8D153E3597}"
EndProject
Project("{FAE04EC0-301F-11D3-BF4B-00C04F79EFBC}") = "WeldingApp.Common", "WeldingApp.Common\WeldingApp.Common.csproj", "{9CEDAC05-E82A-4F43-B9DB-D4804CF935F6}"
EndProject
Project("{2150E333-8FDC-42A3-9474-1A3956D46DE8}") = "SolutionFolder", "SolutionFolder", "{9AF7C979-063E-4D41-B6C5-A384284C41A9}"
	ProjectSection(SolutionItems) = preProject
		sharedsettings.json = sharedsettings.json
	EndProjectSection
EndProject
Global
	GlobalSection(SolutionConfigurationPlatforms) = preSolution
		Debug|Any CPU = Debug|Any CPU
		Release|Any CPU = Release|Any CPU
	EndGlobalSection
	GlobalSection(ProjectConfigurationPlatforms) = postSolution
		{AE32E3CB-1E5F-417E-BA1B-03558E881B93}.Debug|Any CPU.ActiveCfg = Debug|Any CPU
		{AE32E3CB-1E5F-417E-BA1B-03558E881B93}.Debug|Any CPU.Build.0 = Debug|Any CPU
		{AE32E3CB-1E5F-417E-BA1B-03558E881B93}.Release|Any CPU.ActiveCfg = Release|Any CPU
		{AE32E3CB-1E5F-417E-BA1B-03558E881B93}.Release|Any CPU.Build.0 = Release|Any CPU
		{7E98BE2A-D405-434C-B340-C70B7A23B477}.Debug|Any CPU.ActiveCfg = Debug|Any CPU
		{7E98BE2A-D405-434C-B340-C70B7A23B477}.Debug|Any CPU.Build.0 = Debug|Any CPU
		{7E98BE2A-D405-434C-B340-C70B7A23B477}.Release|Any CPU.ActiveCfg = Release|Any CPU
		{7E98BE2A-D405-434C-B340-C70B7A23B477}.Release|Any CPU.Build.0 = Release|Any CPU
		{C0406F1C-C609-4FAD-92C5-50F850EBA00C}.Debug|Any CPU.ActiveCfg = Debug|Any CPU
		{C0406F1C-C609-4FAD-92C5-50F850EBA00C}.Debug|Any CPU.Build.0 = Debug|Any CPU
		{C0406F1C-C609-4FAD-92C5-50F850EBA00C}.Release|Any CPU.ActiveCfg = Release|Any CPU
		{C0406F1C-C609-4FAD-92C5-50F850EBA00C}.Release|Any CPU.Build.0 = Release|Any CPU
		{4086F963-0B1D-460D-8E6E-84382075443B}.Debug|Any CPU.ActiveCfg = Debug|Any CPU
		{4086F963-0B1D-460D-8E6E-84382075443B}.Debug|Any CPU.Build.0 = Debug|Any CPU
		{4086F963-0B1D-460D-8E6E-84382075443B}.Release|Any CPU.ActiveCfg = Release|Any CPU
		{4086F963-0B1D-460D-8E6E-84382075443B}.Release|Any CPU.Build.0 = Release|Any CPU
		{2BAD3485-67AF-4FF7-954A-94192441C9F7}.Debug|Any CPU.ActiveCfg = Debug|Any CPU
		{2BAD3485-67AF-4FF7-954A-94192441C9F7}.Debug|Any CPU.Build.0 = Debug|Any CPU
		{2BAD3485-67AF-4FF7-954A-94192441C9F7}.Release|Any CPU.ActiveCfg = Release|Any CPU
		{2BAD3485-67AF-4FF7-954A-94192441C9F7}.Release|Any CPU.Build.0 = Release|Any CPU
		{C2701A21-8E4A-4E6B-BF6C-FEEA3842B19D}.Debug|Any CPU.ActiveCfg = Debug|Any CPU
		{C2701A21-8E4A-4E6B-BF6C-FEEA3842B19D}.Debug|Any CPU.Build.0 = Debug|Any CPU
		{C2701A21-8E4A-4E6B-BF6C-FEEA3842B19D}.Release|Any CPU.ActiveCfg = Release|Any CPU
		{C2701A21-8E4A-4E6B-BF6C-FEEA3842B19D}.Release|Any CPU.Build.0 = Release|Any CPU
		{16638F49-0614-40A7-859A-F53DA2DC61D0}.Debug|Any CPU.ActiveCfg = Debug|Any CPU
		{16638F49-0614-40A7-859A-F53DA2DC61D0}.Debug|Any CPU.Build.0 = Debug|Any CPU
		{16638F49-0614-40A7-859A-F53DA2DC61D0}.Release|Any CPU.ActiveCfg = Release|Any CPU
		{16638F49-0614-40A7-859A-F53DA2DC61D0}.Release|Any CPU.Build.0 = Release|Any CPU
		{E53FE782-2DD3-443C-9F5C-D2A2717920F3}.Debug|Any CPU.ActiveCfg = Debug|Any CPU
		{E53FE782-2DD3-443C-9F5C-D2A2717920F3}.Debug|Any CPU.Build.0 = Debug|Any CPU
		{E53FE782-2DD3-443C-9F5C-D2A2717920F3}.Release|Any CPU.ActiveCfg = Release|Any CPU
		{E53FE782-2DD3-443C-9F5C-D2A2717920F3}.Release|Any CPU.Build.0 = Release|Any CPU
		{5CC6A21E-8269-49F2-98ED-084AE79D0935}.Debug|Any CPU.ActiveCfg = Debug|Any CPU
		{5CC6A21E-8269-49F2-98ED-084AE79D0935}.Debug|Any CPU.Build.0 = Debug|Any CPU
		{5CC6A21E-8269-49F2-98ED-084AE79D0935}.Release|Any CPU.ActiveCfg = Release|Any CPU
		{5CC6A21E-8269-49F2-98ED-084AE79D0935}.Release|Any CPU.Build.0 = Release|Any CPU
		{A7130CC1-0A47-4DB9-8808-1AC75A157906}.Debug|Any CPU.ActiveCfg = Debug|Any CPU
		{A7130CC1-0A47-4DB9-8808-1AC75A157906}.Debug|Any CPU.Build.0 = Debug|Any CPU
		{A7130CC1-0A47-4DB9-8808-1AC75A157906}.Release|Any CPU.ActiveCfg = Release|Any CPU
		{A7130CC1-0A47-4DB9-8808-1AC75A157906}.Release|Any CPU.Build.0 = Release|Any CPU
		{9CEDAC05-E82A-4F43-B9DB-D4804CF935F6}.Debug|Any CPU.ActiveCfg = Debug|Any CPU
		{9CEDAC05-E82A-4F43-B9DB-D4804CF935F6}.Debug|Any CPU.Build.0 = Debug|Any CPU
		{9CEDAC05-E82A-4F43-B9DB-D4804CF935F6}.Release|Any CPU.ActiveCfg = Release|Any CPU
		{9CEDAC05-E82A-4F43-B9DB-D4804CF935F6}.Release|Any CPU.Build.0 = Release|Any CPU
	EndGlobalSection
	GlobalSection(NestedProjects) = preSolution
		{7E98BE2A-D405-434C-B340-C70B7A23B477} = {9366AF82-BA2C-4E32-8453-3C8ABBFBB48A}
		{C0406F1C-C609-4FAD-92C5-50F850EBA00C} = {9366AF82-BA2C-4E32-8453-3C8ABBFBB48A}
		{4086F963-0B1D-460D-8E6E-84382075443B} = {EF350442-F100-4462-8820-3C3392914D1C}
		{2BAD3485-67AF-4FF7-954A-94192441C9F7} = {EF350442-F100-4462-8820-3C3392914D1C}
		{C2701A21-8E4A-4E6B-BF6C-FEEA3842B19D} = {EF350442-F100-4462-8820-3C3392914D1C}
		{16638F49-0614-40A7-859A-F53DA2DC61D0} = {B2EC875A-DA4B-463A-975C-EFA06B706805}
		{E53FE782-2DD3-443C-9F5C-D2A2717920F3} = {B2EC875A-DA4B-463A-975C-EFA06B706805}
		{5CC6A21E-8269-49F2-98ED-084AE79D0935} = {A2B1C1E6-6669-46DE-939C-82B6E6EECC8F}
		{A7130CC1-0A47-4DB9-8808-1AC75A157906} = {A2B1C1E6-6669-46DE-939C-82B6E6EECC8F}
		{9CEDAC05-E82A-4F43-B9DB-D4804CF935F6} = {381831C9-A5D2-4C2D-9EBE-DC8D153E3597}
	EndGlobalSection
EndGlobal
