
Microsoft Visual Studio Solution File, Format Version 12.00
Project("{FAE04EC0-301F-11D3-BF4B-00C04F79EFBC}") = "docker-compose", "docker-compose\docker-compose.dcproj", "{AE32E3CB-1E5F-417E-BA1B-03558E881B93}"
EndProject
Project("{2150E333-8FDC-42A3-9474-1A3956D46DE8}") = "WeldingApp.FileApi", "WeldingApp.FileApi", "{9366AF82-BA2C-4E32-8453-3C8ABBFBB48A}"
EndProject
Project("{2150E333-8FDC-42A3-9474-1A3956D46DE8}") = "WeldingApp.IdentityApi", "WeldingApp.IdentityApi", "{EF350442-F100-4462-8820-3C3392914D1C}"
EndProject
Project("{2150E333-8FDC-42A3-9474-1A3956D46DE8}") = "WeldingApp.WeldingApi", "WeldingApp.WeldingApi", "{A2B1C1E6-6669-46DE-939C-82B6E6EECC8F}"
EndProject
Project("{FAE04EC0-301F-11D3-BF4B-00C04F79EFBC}") = "Belaz.WeldingApp.FileApi", "Belaz.WeldingApp.FileApi\Belaz.WeldingApp.FileApi.csproj", "{7E98BE2A-D405-434C-B340-C70B7A23B477}"
EndProject
Project("{FAE04EC0-301F-11D3-BF4B-00C04F79EFBC}") = "Belaz.WeldingApp.IdentityApi", "Belaz.WeldingApp.IdentityApi\Belaz.WeldingApp.IdentityApi.csproj", "{4086F963-0B1D-460D-8E6E-84382075443B}"
EndProject
Project("{FAE04EC0-301F-11D3-BF4B-00C04F79EFBC}") = "Belaz.WeldingApp.WeldingApi", "Belaz.WeldingApp.WeldingApi\Belaz.WeldingApp.WeldingApi.csproj", "{5CC6A21E-8269-49F2-98ED-084AE79D0935}"
EndProject
Project("{FAE04EC0-301F-11D3-BF4B-00C04F79EFBC}") = "Belaz.WeldingApp.WeldingApi.Tests", "Belaz.WeldingApp.WeldingApi.Tests\Belaz.WeldingApp.WeldingApi.Tests.csproj", "{A7130CC1-0A47-4DB9-8808-1AC75A157906}"
EndProject
Project("{2150E333-8FDC-42A3-9474-1A3956D46DE8}") = "CommonProjects", "CommonProjects", "{381831C9-A5D2-4C2D-9EBE-DC8D153E3597}"
EndProject
Project("{2150E333-8FDC-42A3-9474-1A3956D46DE8}") = "SolutionFolder", "SolutionFolder", "{9AF7C979-063E-4D41-B6C5-A384284C41A9}"
EndProject
Project("{2150E333-8FDC-42A3-9474-1A3956D46DE8}") = "WeldingApp.ApiGateway", "WeldingApp.ApiGateway", "{290DA6B2-BA8F-4FAB-9D6B-F718AF128648}"
EndProject
Project("{FAE04EC0-301F-11D3-BF4B-00C04F79EFBC}") = "Belaz.WeldingApp.ApiGateway", "Belaz.WeldingApp.ApiGateway\Belaz.WeldingApp.ApiGateway.csproj", "{1BF1E6F2-EAC2-4719-AB3F-F86F0F75147A}"
EndProject
Project("{FAE04EC0-301F-11D3-BF4B-00C04F79EFBC}") = "Belaz.WeldingApp.WeldingApi.Domain", "Belaz.WeldingApp.WeldingApi.Domain\Belaz.WeldingApp.WeldingApi.Domain.csproj", "{B5914BE7-1B5A-4FDF-8D94-66A820CE053C}"
EndProject
Project("{FAE04EC0-301F-11D3-BF4B-00C04F79EFBC}") = "Belaz.WeldingApp.WeldingApi.DataLayer", "Belaz.WeldingApp.WeldingApi.DataLayer\Belaz.WeldingApp.WeldingApi.DataLayer.csproj", "{5302EF52-6A7E-4F48-AF57-0C4FACD5907A}"
EndProject
Project("{FAE04EC0-301F-11D3-BF4B-00C04F79EFBC}") = "Belaz.WeldingApp.WeldingApi.BusinessLayer", "Belaz.WeldingApp.WeldingApi.BusinessLayer\Belaz.WeldingApp.WeldingApi.BusinessLayer.csproj", "{5EB6F647-CD50-44EA-B0BD-D1523583283E}"
EndProject
Project("{2150E333-8FDC-42A3-9474-1A3956D46DE8}") = "WeldingApp.RegistrarApi", "WeldingApp.RegistrarApi", "{EB89DF3A-DDDD-435F-9DEE-892F745645B9}"
EndProject
Project("{FAE04EC0-301F-11D3-BF4B-00C04F79EFBC}") = "Belaz.WeldingApp.FileApi.BusinessLayer", "Belaz.WeldingApp.FileApi.BusinessLayer\Belaz.WeldingApp.FileApi.BusinessLayer.csproj", "{2CCF9556-E9E6-40BB-908A-FD9E11773417}"
EndProject
Project("{FAE04EC0-301F-11D3-BF4B-00C04F79EFBC}") = "Belaz.WeldingApp.FileApi.DataLayer", "Belaz.WeldingApp.FileApi.DataLayer\Belaz.WeldingApp.FileApi.DataLayer.csproj", "{0F56BDB4-19F7-4ED9-8A0B-7F13DBBB0C75}"
EndProject
Project("{FAE04EC0-301F-11D3-BF4B-00C04F79EFBC}") = "Belaz.WeldingApp.FileApi.Domain", "Belaz.WeldingApp.FileApi.Domain\Belaz.WeldingApp.FileApi.Domain.csproj", "{A0F528D7-C724-4C4D-8C2F-672784568331}"
EndProject
Project("{FAE04EC0-301F-11D3-BF4B-00C04F79EFBC}") = "Belaz.WeldingApp.RegistarApi", "Belaz.WeldingApp.RegistarApi\Belaz.WeldingApp.RegistarApi.csproj", "{C1F0E76A-E05E-46B8-AE67-681F94697A14}"
EndProject
Project("{FAE04EC0-301F-11D3-BF4B-00C04F79EFBC}") = "Belaz.WeldingApp.RegistarApi.BusinessLayer", "Belaz.WeldingApp.RegistarApi.BusinessLayer\Belaz.WeldingApp.RegistarApi.BusinessLayer.csproj", "{41FA78F8-29B8-43C6-B32A-5B49EA125BC5}"
EndProject
Project("{FAE04EC0-301F-11D3-BF4B-00C04F79EFBC}") = "Belaz.WeldingApp.RegistarApi.DataLayer", "Belaz.WeldingApp.RegistarApi.DataLayer\Belaz.WeldingApp.RegistarApi.DataLayer.csproj", "{F1A13905-E350-4D2E-BCCB-0222C9964D49}"
EndProject
Project("{FAE04EC0-301F-11D3-BF4B-00C04F79EFBC}") = "Belaz.WeldingApp.RegistarApi.Domain", "Belaz.WeldingApp.RegistarApi.Domain\Belaz.WeldingApp.RegistarApi.Domain.csproj", "{274CD8CC-E10C-4F2F-BC0A-6EA13545073B}"
EndProject
Project("{FAE04EC0-301F-11D3-BF4B-00C04F79EFBC}") = "Belaz.WeldingApp.Common", "Belaz.WeldingApp.Common\Belaz.WeldingApp.Common.csproj", "{86EFAECC-9DE2-41A1-A05A-0323A67DF017}"
EndProject
Project("{FAE04EC0-301F-11D3-BF4B-00C04F79EFBC}") = "Belaz.WeldingApp.IdentityApi.Domain", "Belaz.WeldingApp.IdentityApi.Domain\Belaz.WeldingApp.IdentityApi.Domain.csproj", "{24BD56FA-3D5A-4293-BA1D-D64E660233C7}"
EndProject
Project("{FAE04EC0-301F-11D3-BF4B-00C04F79EFBC}") = "Belaz.WeldingApp.IdentityApi.BusinessLayer", "Belaz.WeldingApp.IdentityApi.BusinessLayer\Belaz.WeldingApp.IdentityApi.BusinessLayer.csproj", "{68D853FC-E7F2-467E-AA41-4DF85160F02A}"
EndProject
Project("{FAE04EC0-301F-11D3-BF4B-00C04F79EFBC}") = "Belaz.WeldingApp.IdentityApi.DataLayer", "Belaz.WeldingApp.IdentityApi.DataLayer\Belaz.WeldingApp.IdentityApi.DataLayer.csproj", "{C3BC4792-6BDA-4B30-98BF-6723DF9FDA6A}"
EndProject
Global
	GlobalSection(SolutionConfigurationPlatforms) = preSolution
		Debug|Any CPU = Debug|Any CPU
		Release|Any CPU = Release|Any CPU
	EndGlobalSection
	GlobalSection(ProjectConfigurationPlatforms) = postSolution
		{AE32E3CB-1E5F-417E-BA1B-03558E881B93}.Debug|Any CPU.ActiveCfg = Debug|Any CPU
		{AE32E3CB-1E5F-417E-BA1B-03558E881B93}.Debug|Any CPU.Build.0 = Debug|Any CPU
		{AE32E3CB-1E5F-417E-BA1B-03558E881B93}.Release|Any CPU.ActiveCfg = Release|Any CPU
		{AE32E3CB-1E5F-417E-BA1B-03558E881B93}.Release|Any CPU.Build.0 = Release|Any CPU
		{7E98BE2A-D405-434C-B340-C70B7A23B477}.Debug|Any CPU.ActiveCfg = Debug|Any CPU
		{7E98BE2A-D405-434C-B340-C70B7A23B477}.Debug|Any CPU.Build.0 = Debug|Any CPU
		{7E98BE2A-D405-434C-B340-C70B7A23B477}.Release|Any CPU.ActiveCfg = Release|Any CPU
		{7E98BE2A-D405-434C-B340-C70B7A23B477}.Release|Any CPU.Build.0 = Release|Any CPU
		{4086F963-0B1D-460D-8E6E-84382075443B}.Debug|Any CPU.ActiveCfg = Debug|Any CPU
		{4086F963-0B1D-460D-8E6E-84382075443B}.Debug|Any CPU.Build.0 = Debug|Any CPU
		{4086F963-0B1D-460D-8E6E-84382075443B}.Release|Any CPU.ActiveCfg = Release|Any CPU
		{4086F963-0B1D-460D-8E6E-84382075443B}.Release|Any CPU.Build.0 = Release|Any CPU
		{5CC6A21E-8269-49F2-98ED-084AE79D0935}.Debug|Any CPU.ActiveCfg = Debug|Any CPU
		{5CC6A21E-8269-49F2-98ED-084AE79D0935}.Debug|Any CPU.Build.0 = Debug|Any CPU
		{5CC6A21E-8269-49F2-98ED-084AE79D0935}.Release|Any CPU.ActiveCfg = Release|Any CPU
		{5CC6A21E-8269-49F2-98ED-084AE79D0935}.Release|Any CPU.Build.0 = Release|Any CPU
		{A7130CC1-0A47-4DB9-8808-1AC75A157906}.Debug|Any CPU.ActiveCfg = Debug|Any CPU
		{A7130CC1-0A47-4DB9-8808-1AC75A157906}.Debug|Any CPU.Build.0 = Debug|Any CPU
		{A7130CC1-0A47-4DB9-8808-1AC75A157906}.Release|Any CPU.ActiveCfg = Release|Any CPU
		{A7130CC1-0A47-4DB9-8808-1AC75A157906}.Release|Any CPU.Build.0 = Release|Any CPU
		{1BF1E6F2-EAC2-4719-AB3F-F86F0F75147A}.Debug|Any CPU.ActiveCfg = Debug|Any CPU
		{1BF1E6F2-EAC2-4719-AB3F-F86F0F75147A}.Debug|Any CPU.Build.0 = Debug|Any CPU
		{1BF1E6F2-EAC2-4719-AB3F-F86F0F75147A}.Release|Any CPU.ActiveCfg = Release|Any CPU
		{1BF1E6F2-EAC2-4719-AB3F-F86F0F75147A}.Release|Any CPU.Build.0 = Release|Any CPU
		{B5914BE7-1B5A-4FDF-8D94-66A820CE053C}.Debug|Any CPU.ActiveCfg = Debug|Any CPU
		{B5914BE7-1B5A-4FDF-8D94-66A820CE053C}.Debug|Any CPU.Build.0 = Debug|Any CPU
		{B5914BE7-1B5A-4FDF-8D94-66A820CE053C}.Release|Any CPU.ActiveCfg = Release|Any CPU
		{B5914BE7-1B5A-4FDF-8D94-66A820CE053C}.Release|Any CPU.Build.0 = Release|Any CPU
		{5302EF52-6A7E-4F48-AF57-0C4FACD5907A}.Debug|Any CPU.ActiveCfg = Debug|Any CPU
		{5302EF52-6A7E-4F48-AF57-0C4FACD5907A}.Debug|Any CPU.Build.0 = Debug|Any CPU
		{5302EF52-6A7E-4F48-AF57-0C4FACD5907A}.Release|Any CPU.ActiveCfg = Release|Any CPU
		{5302EF52-6A7E-4F48-AF57-0C4FACD5907A}.Release|Any CPU.Build.0 = Release|Any CPU
		{5EB6F647-CD50-44EA-B0BD-D1523583283E}.Debug|Any CPU.ActiveCfg = Debug|Any CPU
		{5EB6F647-CD50-44EA-B0BD-D1523583283E}.Debug|Any CPU.Build.0 = Debug|Any CPU
		{5EB6F647-CD50-44EA-B0BD-D1523583283E}.Release|Any CPU.ActiveCfg = Release|Any CPU
		{5EB6F647-CD50-44EA-B0BD-D1523583283E}.Release|Any CPU.Build.0 = Release|Any CPU
		{2CCF9556-E9E6-40BB-908A-FD9E11773417}.Debug|Any CPU.ActiveCfg = Debug|Any CPU
		{2CCF9556-E9E6-40BB-908A-FD9E11773417}.Debug|Any CPU.Build.0 = Debug|Any CPU
		{2CCF9556-E9E6-40BB-908A-FD9E11773417}.Release|Any CPU.ActiveCfg = Release|Any CPU
		{2CCF9556-E9E6-40BB-908A-FD9E11773417}.Release|Any CPU.Build.0 = Release|Any CPU
		{0F56BDB4-19F7-4ED9-8A0B-7F13DBBB0C75}.Debug|Any CPU.ActiveCfg = Debug|Any CPU
		{0F56BDB4-19F7-4ED9-8A0B-7F13DBBB0C75}.Debug|Any CPU.Build.0 = Debug|Any CPU
		{0F56BDB4-19F7-4ED9-8A0B-7F13DBBB0C75}.Release|Any CPU.ActiveCfg = Release|Any CPU
		{0F56BDB4-19F7-4ED9-8A0B-7F13DBBB0C75}.Release|Any CPU.Build.0 = Release|Any CPU
		{A0F528D7-C724-4C4D-8C2F-672784568331}.Debug|Any CPU.ActiveCfg = Debug|Any CPU
		{A0F528D7-C724-4C4D-8C2F-672784568331}.Debug|Any CPU.Build.0 = Debug|Any CPU
		{A0F528D7-C724-4C4D-8C2F-672784568331}.Release|Any CPU.ActiveCfg = Release|Any CPU
		{A0F528D7-C724-4C4D-8C2F-672784568331}.Release|Any CPU.Build.0 = Release|Any CPU
		{C1F0E76A-E05E-46B8-AE67-681F94697A14}.Debug|Any CPU.ActiveCfg = Debug|Any CPU
		{C1F0E76A-E05E-46B8-AE67-681F94697A14}.Debug|Any CPU.Build.0 = Debug|Any CPU
		{C1F0E76A-E05E-46B8-AE67-681F94697A14}.Release|Any CPU.ActiveCfg = Release|Any CPU
		{C1F0E76A-E05E-46B8-AE67-681F94697A14}.Release|Any CPU.Build.0 = Release|Any CPU
		{41FA78F8-29B8-43C6-B32A-5B49EA125BC5}.Debug|Any CPU.ActiveCfg = Debug|Any CPU
		{41FA78F8-29B8-43C6-B32A-5B49EA125BC5}.Debug|Any CPU.Build.0 = Debug|Any CPU
		{41FA78F8-29B8-43C6-B32A-5B49EA125BC5}.Release|Any CPU.ActiveCfg = Release|Any CPU
		{41FA78F8-29B8-43C6-B32A-5B49EA125BC5}.Release|Any CPU.Build.0 = Release|Any CPU
		{F1A13905-E350-4D2E-BCCB-0222C9964D49}.Debug|Any CPU.ActiveCfg = Debug|Any CPU
		{F1A13905-E350-4D2E-BCCB-0222C9964D49}.Debug|Any CPU.Build.0 = Debug|Any CPU
		{F1A13905-E350-4D2E-BCCB-0222C9964D49}.Release|Any CPU.ActiveCfg = Release|Any CPU
		{F1A13905-E350-4D2E-BCCB-0222C9964D49}.Release|Any CPU.Build.0 = Release|Any CPU
		{274CD8CC-E10C-4F2F-BC0A-6EA13545073B}.Debug|Any CPU.ActiveCfg = Debug|Any CPU
		{274CD8CC-E10C-4F2F-BC0A-6EA13545073B}.Debug|Any CPU.Build.0 = Debug|Any CPU
		{274CD8CC-E10C-4F2F-BC0A-6EA13545073B}.Release|Any CPU.ActiveCfg = Release|Any CPU
		{274CD8CC-E10C-4F2F-BC0A-6EA13545073B}.Release|Any CPU.Build.0 = Release|Any CPU
		{86EFAECC-9DE2-41A1-A05A-0323A67DF017}.Debug|Any CPU.ActiveCfg = Debug|Any CPU
		{86EFAECC-9DE2-41A1-A05A-0323A67DF017}.Debug|Any CPU.Build.0 = Debug|Any CPU
		{86EFAECC-9DE2-41A1-A05A-0323A67DF017}.Release|Any CPU.ActiveCfg = Release|Any CPU
		{86EFAECC-9DE2-41A1-A05A-0323A67DF017}.Release|Any CPU.Build.0 = Release|Any CPU
		{24BD56FA-3D5A-4293-BA1D-D64E660233C7}.Debug|Any CPU.ActiveCfg = Debug|Any CPU
		{24BD56FA-3D5A-4293-BA1D-D64E660233C7}.Debug|Any CPU.Build.0 = Debug|Any CPU
		{24BD56FA-3D5A-4293-BA1D-D64E660233C7}.Release|Any CPU.ActiveCfg = Release|Any CPU
		{24BD56FA-3D5A-4293-BA1D-D64E660233C7}.Release|Any CPU.Build.0 = Release|Any CPU
		{68D853FC-E7F2-467E-AA41-4DF85160F02A}.Debug|Any CPU.ActiveCfg = Debug|Any CPU
		{68D853FC-E7F2-467E-AA41-4DF85160F02A}.Debug|Any CPU.Build.0 = Debug|Any CPU
		{68D853FC-E7F2-467E-AA41-4DF85160F02A}.Release|Any CPU.ActiveCfg = Release|Any CPU
		{68D853FC-E7F2-467E-AA41-4DF85160F02A}.Release|Any CPU.Build.0 = Release|Any CPU
		{C3BC4792-6BDA-4B30-98BF-6723DF9FDA6A}.Debug|Any CPU.ActiveCfg = Debug|Any CPU
		{C3BC4792-6BDA-4B30-98BF-6723DF9FDA6A}.Debug|Any CPU.Build.0 = Debug|Any CPU
		{C3BC4792-6BDA-4B30-98BF-6723DF9FDA6A}.Release|Any CPU.ActiveCfg = Release|Any CPU
		{C3BC4792-6BDA-4B30-98BF-6723DF9FDA6A}.Release|Any CPU.Build.0 = Release|Any CPU
	EndGlobalSection
	GlobalSection(NestedProjects) = preSolution
		{7E98BE2A-D405-434C-B340-C70B7A23B477} = {9366AF82-BA2C-4E32-8453-3C8ABBFBB48A}
		{4086F963-0B1D-460D-8E6E-84382075443B} = {EF350442-F100-4462-8820-3C3392914D1C}
		{5CC6A21E-8269-49F2-98ED-084AE79D0935} = {A2B1C1E6-6669-46DE-939C-82B6E6EECC8F}
		{A7130CC1-0A47-4DB9-8808-1AC75A157906} = {A2B1C1E6-6669-46DE-939C-82B6E6EECC8F}
		{1BF1E6F2-EAC2-4719-AB3F-F86F0F75147A} = {290DA6B2-BA8F-4FAB-9D6B-F718AF128648}
		{B5914BE7-1B5A-4FDF-8D94-66A820CE053C} = {A2B1C1E6-6669-46DE-939C-82B6E6EECC8F}
		{5302EF52-6A7E-4F48-AF57-0C4FACD5907A} = {A2B1C1E6-6669-46DE-939C-82B6E6EECC8F}
		{5EB6F647-CD50-44EA-B0BD-D1523583283E} = {A2B1C1E6-6669-46DE-939C-82B6E6EECC8F}
		{2CCF9556-E9E6-40BB-908A-FD9E11773417} = {9366AF82-BA2C-4E32-8453-3C8ABBFBB48A}
		{0F56BDB4-19F7-4ED9-8A0B-7F13DBBB0C75} = {9366AF82-BA2C-4E32-8453-3C8ABBFBB48A}
		{A0F528D7-C724-4C4D-8C2F-672784568331} = {9366AF82-BA2C-4E32-8453-3C8ABBFBB48A}
		{C1F0E76A-E05E-46B8-AE67-681F94697A14} = {EB89DF3A-DDDD-435F-9DEE-892F745645B9}
		{41FA78F8-29B8-43C6-B32A-5B49EA125BC5} = {EB89DF3A-DDDD-435F-9DEE-892F745645B9}
		{F1A13905-E350-4D2E-BCCB-0222C9964D49} = {EB89DF3A-DDDD-435F-9DEE-892F745645B9}
		{274CD8CC-E10C-4F2F-BC0A-6EA13545073B} = {EB89DF3A-DDDD-435F-9DEE-892F745645B9}
		{86EFAECC-9DE2-41A1-A05A-0323A67DF017} = {381831C9-A5D2-4C2D-9EBE-DC8D153E3597}
		{24BD56FA-3D5A-4293-BA1D-D64E660233C7} = {EF350442-F100-4462-8820-3C3392914D1C}
		{68D853FC-E7F2-467E-AA41-4DF85160F02A} = {EF350442-F100-4462-8820-3C3392914D1C}
		{C3BC4792-6BDA-4B30-98BF-6723DF9FDA6A} = {EF350442-F100-4462-8820-3C3392914D1C}
	EndGlobalSection
EndGlobal
